
Microsoft Visual Studio Solution File, Format Version 12.00
Project("{FAE04EC0-301F-11D3-BF4B-00C04F79EFBC}") = "TestProject1", "TestProject1\TestProject1.csproj", "{4E59EE1C-5735-4DCB-BAAF-AEF52731F981}"
EndProject
Global
	GlobalSection(SolutionConfigurationPlatforms) = preSolution
		Debug|Any CPU = Debug|Any CPU
		Release|Any CPU = Release|Any CPU
	EndGlobalSection
	GlobalSection(ProjectConfigurationPlatforms) = postSolution
		{4E59EE1C-5735-4DCB-BAAF-AEF52731F981}.Debug|Any CPU.ActiveCfg = Debug|Any CPU
		{4E59EE1C-5735-4DCB-BAAF-AEF52731F981}.Debug|Any CPU.Build.0 = Debug|Any CPU
		{4E59EE1C-5735-4DCB-BAAF-AEF52731F981}.Release|Any CPU.ActiveCfg = Release|Any CPU
		{4E59EE1C-5735-4DCB-BAAF-AEF52731F981}.Release|Any CPU.Build.0 = Release|Any CPU
	EndGlobalSection
EndGlobal
