
Microsoft Visual Studio Solution File, Format Version 12.00
# Visual Studio Version 17
VisualStudioVersion = 17.14.36119.2
MinimumVisualStudioVersion = 10.0.40219.1
Project("{8BC9CEB8-8B4A-11D0-8D11-00A0C91BC942}") = "Homework2_Laskov_SquareGraph", "Homework2_Laskov_SquareGraph\Homework2_Laskov_SquareGraph.vcxproj", "{182E45E2-D247-49AF-A181-C93170C468DD}"
EndProject
Project("{8BC9CEB8-8B4A-11D0-8D11-00A0C91BC942}") = "hw2_give", "hw2_give\hw2_give.vcxproj", "{988B25EA-6AAD-421E-9760-7FD1C4824A75}"
EndProject
Project("{8BC9CEB8-8B4A-11D0-8D11-00A0C91BC942}") = "hw1_remake", "hw1_remake\hw1_remake.vcxproj", "{F7429629-793F-47A0-B816-457EA22740D3}"
EndProject
Project("{8BC9CEB8-8B4A-11D0-8D11-00A0C91BC942}") = "Traykov_test3", "Traykov_test3\Traykov_test3.vcxproj", "{E22F63B4-46DC-4A46-A835-10A4807AB275}"
EndProject
Project("{8BC9CEB8-8B4A-11D0-8D11-00A0C91BC942}") = "Gale-shapley", "StableMarriage_\Gale-shapley.vcxproj", "{DD75F73E-D2C0-41CD-AE63-CD08BEF6E00B}"
EndProject
Global
	GlobalSection(SolutionConfigurationPlatforms) = preSolution
		Debug|x64 = Debug|x64
		Debug|x86 = Debug|x86
		Release|x64 = Release|x64
		Release|x86 = Release|x86
	EndGlobalSection
	GlobalSection(ProjectConfigurationPlatforms) = postSolution
		{182E45E2-D247-49AF-A181-C93170C468DD}.Debug|x64.ActiveCfg = Debug|x64
		{182E45E2-D247-49AF-A181-C93170C468DD}.Debug|x64.Build.0 = Debug|x64
		{182E45E2-D247-49AF-A181-C93170C468DD}.Debug|x86.ActiveCfg = Debug|Win32
		{182E45E2-D247-49AF-A181-C93170C468DD}.Debug|x86.Build.0 = Debug|Win32
		{182E45E2-D247-49AF-A181-C93170C468DD}.Release|x64.ActiveCfg = Release|x64
		{182E45E2-D247-49AF-A181-C93170C468DD}.Release|x64.Build.0 = Release|x64
		{182E45E2-D247-49AF-A181-C93170C468DD}.Release|x86.ActiveCfg = Release|Win32
		{182E45E2-D247-49AF-A181-C93170C468DD}.Release|x86.Build.0 = Release|Win32
		{988B25EA-6AAD-421E-9760-7FD1C4824A75}.Debug|x64.ActiveCfg = Debug|x64
		{988B25EA-6AAD-421E-9760-7FD1C4824A75}.Debug|x64.Build.0 = Debug|x64
		{988B25EA-6AAD-421E-9760-7FD1C4824A75}.Debug|x86.ActiveCfg = Debug|Win32
		{988B25EA-6AAD-421E-9760-7FD1C4824A75}.Debug|x86.Build.0 = Debug|Win32
		{988B25EA-6AAD-421E-9760-7FD1C4824A75}.Release|x64.ActiveCfg = Release|x64
		{988B25EA-6AAD-421E-9760-7FD1C4824A75}.Release|x64.Build.0 = Release|x64
		{988B25EA-6AAD-421E-9760-7FD1C4824A75}.Release|x86.ActiveCfg = Release|Win32
		{988B25EA-6AAD-421E-9760-7FD1C4824A75}.Release|x86.Build.0 = Release|Win32
		{F7429629-793F-47A0-B816-457EA22740D3}.Debug|x64.ActiveCfg = Debug|x64
		{F7429629-793F-47A0-B816-457EA22740D3}.Debug|x64.Build.0 = Debug|x64
		{F7429629-793F-47A0-B816-457EA22740D3}.Debug|x86.ActiveCfg = Debug|Win32
		{F7429629-793F-47A0-B816-457EA22740D3}.Debug|x86.Build.0 = Debug|Win32
		{F7429629-793F-47A0-B816-457EA22740D3}.Release|x64.ActiveCfg = Release|x64
		{F7429629-793F-47A0-B816-457EA22740D3}.Release|x64.Build.0 = Release|x64
		{F7429629-793F-47A0-B816-457EA22740D3}.Release|x86.ActiveCfg = Release|Win32
		{F7429629-793F-47A0-B816-457EA22740D3}.Release|x86.Build.0 = Release|Win32
		{E22F63B4-46DC-4A46-A835-10A4807AB275}.Debug|x64.ActiveCfg = Debug|x64
		{E22F63B4-46DC-4A46-A835-10A4807AB275}.Debug|x64.Build.0 = Debug|x64
		{E22F63B4-46DC-4A46-A835-10A4807AB275}.Debug|x86.ActiveCfg = Debug|Win32
		{E22F63B4-46DC-4A46-A835-10A4807AB275}.Debug|x86.Build.0 = Debug|Win32
		{E22F63B4-46DC-4A46-A835-10A4807AB275}.Release|x64.ActiveCfg = Release|x64
		{E22F63B4-46DC-4A46-A835-10A4807AB275}.Release|x64.Build.0 = Release|x64
		{E22F63B4-46DC-4A46-A835-10A4807AB275}.Release|x86.ActiveCfg = Release|Win32
		{E22F63B4-46DC-4A46-A835-10A4807AB275}.Release|x86.Build.0 = Release|Win32
		{DD75F73E-D2C0-41CD-AE63-CD08BEF6E00B}.Debug|x64.ActiveCfg = Debug|x64
		{DD75F73E-D2C0-41CD-AE63-CD08BEF6E00B}.Debug|x64.Build.0 = Debug|x64
		{DD75F73E-D2C0-41CD-AE63-CD08BEF6E00B}.Debug|x86.ActiveCfg = Debug|Win32
		{DD75F73E-D2C0-41CD-AE63-CD08BEF6E00B}.Debug|x86.Build.0 = Debug|Win32
		{DD75F73E-D2C0-41CD-AE63-CD08BEF6E00B}.Release|x64.ActiveCfg = Release|x64
		{DD75F73E-D2C0-41CD-AE63-CD08BEF6E00B}.Release|x64.Build.0 = Release|x64
		{DD75F73E-D2C0-41CD-AE63-CD08BEF6E00B}.Release|x86.ActiveCfg = Release|Win32
		{DD75F73E-D2C0-41CD-AE63-CD08BEF6E00B}.Release|x86.Build.0 = Release|Win32
	EndGlobalSection
	GlobalSection(SolutionProperties) = preSolution
		HideSolutionNode = FALSE
	EndGlobalSection
	GlobalSection(ExtensibilityGlobals) = postSolution
		SolutionGuid = {0C91EC83-BEB2-4C2B-B658-EF5A4D440329}
	EndGlobalSection
EndGlobal
