<?xml version="1.0" encoding="utf-8"?>
<Project ToolsVersion="4.0" xmlns="http://schemas.microsoft.com/developer/msbuild/2003">
  <ItemGroup>
    <ClCompile Include="032725-OperatorOverloading-p2.cpp">
      <Filter>sources\032725</Filter>
    </ClCompile>
    <ClCompile Include="031325-CopyConstructors.cpp">
      <Filter>sources\031325</Filter>
    </ClCompile>
    <ClCompile Include="Double.cpp">
      <Filter>sources\032725</Filter>
    </ClCompile>
  </ItemGroup>
  <ItemGroup>
    <None Include="README.md" />
  </ItemGroup>
  <ItemGroup>
    <Filter Include="headers">
      <UniqueIdentifier>{9b5c00b0-2c0a-44fb-af24-435118b3d5f7}</UniqueIdentifier>
    </Filter>
    <Filter Include="sources">
      <UniqueIdentifier>{a2bc6232-8575-4a40-b8c8-3da73dbde11d}</UniqueIdentifier>
    </Filter>
    <Filter Include="headers\032725">
      <UniqueIdentifier>{7d617a3c-0233-4821-9b0e-509d355d2bee}</UniqueIdentifier>
    </Filter>
    <Filter Include="sources\032725">
      <UniqueIdentifier>{41ab3467-305f-4c1b-bd2c-671a970be09e}</UniqueIdentifier>
    </Filter>
    <Filter Include="sources\031325">
      <UniqueIdentifier>{f3a819ba-f3a9-45a6-8f89-a7f7c4685aa6}</UniqueIdentifier>
    </Filter>
  </ItemGroup>
  <ItemGroup>
    <ClInclude Include="Double.h">
      <Filter>headers\032725</Filter>
    </ClInclude>
  </ItemGroup>
</Project>